{
  "nodes": {
    "chromacode-src": {
      "flake": false,
      "locked": {
        "lastModified": 1727419890,
        "narHash": "sha256-dqk8K/pjxLx8PiS6SO3rMzvTj7dYXJueJAvyJWehy6s=",
        "owner": "TomLebeda",
        "repo": "chroma_code",
        "rev": "bc03b96e42096dde534546b60431bdbd781c47dc",
        "type": "github"
      },
      "original": {
        "owner": "TomLebeda",
        "repo": "chroma_code",
        "type": "github"
      }
    },
    "nixpkgs": {
      "locked": {
        "lastModified": 1747250049,
        "narHash": "sha256-n0VxP3uLGZYXCqS8jnDOyqzD7DjsC0GMw3QUp0F5mQ4=",
        "owner": "NixOS",
        "repo": "nixpkgs",
        "rev": "4be1f0c9bbaef52cf0e8e1cd13ac67aadc31c625",
        "type": "github"
      },
      "original": {
        "owner": "NixOS",
        "repo": "nixpkgs",
        "type": "github"
      }
    },
    "root": {
      "inputs": {
        "chromacode-src": "chromacode-src",
        "nixpkgs": "nixpkgs",
        "tree-sitter-wrapped": "tree-sitter-wrapped"
      }
    },
    "tree-sitter-bencode": {
      "flake": false,
      "locked": {
        "lastModified": 1747362308,
        "narHash": "sha256-RgPtrXIbRc8ZWsdvPp3ddX+K1LpExufpl1gD/S2jUEo=",
        "owner": "Samasaur1",
        "repo": "tree-sitter-bencode",
        "rev": "033e919cbf80c260880304df89c5b7c7b14dc035",
        "type": "github"
      },
      "original": {
        "owner": "Samasaur1",
        "repo": "tree-sitter-bencode",
        "type": "github"
      }
    },
    "tree-sitter-wrapped": {
      "inputs": {
        "nixpkgs": [
          "nixpkgs"
        ],
        "tree-sitter-bencode": "tree-sitter-bencode"
      },
      "locked": {
        "lastModified": 1747362998,
        "narHash": "sha256-Q0X1amh1gCbL+UOOnEvwJOabSK0KNlAnqscsuVMEH8w=",
        "owner": "Samasaur1",
        "repo": "tree-sitter-wrapped",
        "rev": "65db1fa23f1de6b5d5b5b8e823dd0da17542afed",
        "type": "github"
      },
      "original": {
        "owner": "Samasaur1",
        "repo": "tree-sitter-wrapped",
        "type": "github"
      }
    }
  },
  "root": "root",
  "version": 7
}
